
Microsoft Visual Studio Solution File, Format Version 12.00
# Visual Studio Version 17
VisualStudioVersion = 17.7.34024.191
MinimumVisualStudioVersion = 10.0.40219.1
Project("{FAE04EC0-301F-11D3-BF4B-00C04F79EFBC}") = "IDA_C-sh_HomeWork_11 Text statistic", "IDA_C-sh_HomeWork_11 Text statistic\IDA_C-sh_HomeWork_11 Text statistic.csproj", "{F56529F5-7A3F-4ED1-85C4-022B4342C326}"
EndProject
Global
	GlobalSection(SolutionConfigurationPlatforms) = preSolution
		Debug|Any CPU = Debug|Any CPU
		Release|Any CPU = Release|Any CPU
	EndGlobalSection
	GlobalSection(ProjectConfigurationPlatforms) = postSolution
		{F56529F5-7A3F-4ED1-85C4-022B4342C326}.Debug|Any CPU.ActiveCfg = Debug|Any CPU
		{F56529F5-7A3F-4ED1-85C4-022B4342C326}.Debug|Any CPU.Build.0 = Debug|Any CPU
		{F56529F5-7A3F-4ED1-85C4-022B4342C326}.Release|Any CPU.ActiveCfg = Release|Any CPU
		{F56529F5-7A3F-4ED1-85C4-022B4342C326}.Release|Any CPU.Build.0 = Release|Any CPU
	EndGlobalSection
	GlobalSection(SolutionProperties) = preSolution
		HideSolutionNode = FALSE
	EndGlobalSection
	GlobalSection(ExtensibilityGlobals) = postSolution
		SolutionGuid = {561D8BB8-B66B-45CD-80EC-01FCCBD9BD9D}
	EndGlobalSection
EndGlobal
